// !$*UTF8*$!
{
	archiveVersion = 1;
	classes = {
	};
	objectVersion = 48;
	objects = {

/* Begin PBXBuildFile section */
		635C7B741F9DEA08005AC3DB /* sssViewController.swift in Sources */ = {isa = PBXBuildFile; fileRef = 635C7B731F9DEA08005AC3DB /* sssViewController.swift */; };
		6379D81E1F95F43400C55ECC /* AppDelegate.swift in Sources */ = {isa = PBXBuildFile; fileRef = 6379D81D1F95F43400C55ECC /* AppDelegate.swift */; };
		6379D8231F95F43400C55ECC /* Main.storyboard in Resources */ = {isa = PBXBuildFile; fileRef = 6379D8211F95F43400C55ECC /* Main.storyboard */; };
		6379D8251F95F43400C55ECC /* Assets.xcassets in Resources */ = {isa = PBXBuildFile; fileRef = 6379D8241F95F43400C55ECC /* Assets.xcassets */; };
		6379D8281F95F43400C55ECC /* LaunchScreen.storyboard in Resources */ = {isa = PBXBuildFile; fileRef = 6379D8261F95F43400C55ECC /* LaunchScreen.storyboard */; };
		6379D83D1F95F4C200C55ECC /* MultiSelectImageVC.swift in Sources */ = {isa = PBXBuildFile; fileRef = 6379D8381F95F4C100C55ECC /* MultiSelectImageVC.swift */; };
		6379D83E1F95F4C200C55ECC /* SingleSelectionVideoVC.swift in Sources */ = {isa = PBXBuildFile; fileRef = 6379D8391F95F4C100C55ECC /* SingleSelectionVideoVC.swift */; };
		6379D83F1F95F4C200C55ECC /* ViewController.swift in Sources */ = {isa = PBXBuildFile; fileRef = 6379D83A1F95F4C100C55ECC /* ViewController.swift */; };
		6379D8401F95F4C200C55ECC /* MultiSelectImageToVideoVC.swift in Sources */ = {isa = PBXBuildFile; fileRef = 6379D83B1F95F4C200C55ECC /* MultiSelectImageToVideoVC.swift */; };
		6379D8411F95F4C200C55ECC /* SingleSelectionVC.swift in Sources */ = {isa = PBXBuildFile; fileRef = 6379D83C1F95F4C200C55ECC /* SingleSelectionVC.swift */; };
		CE66F412801DA6DD7F8694DB /* Pods_YVImagePickerController_Demo.framework in Frameworks */ = {isa = PBXBuildFile; fileRef = 9BBDA5203FD366517AB075EE /* Pods_YVImagePickerController_Demo.framework */; };
/* End PBXBuildFile section */

/* Begin PBXFileReference section */
		01E9D687E565C5481D56311C /* Pods-YVImagePickerController-Demo.release.xcconfig */ = {isa = PBXFileReference; includeInIndex = 1; lastKnownFileType = text.xcconfig; name = "Pods-YVImagePickerController-Demo.release.xcconfig"; path = "Pods/Target Support Files/Pods-YVImagePickerController-Demo/Pods-YVImagePickerController-Demo.release.xcconfig"; sourceTree = "<group>"; };
		635C7B731F9DEA08005AC3DB /* sssViewController.swift */ = {isa = PBXFileReference; lastKnownFileType = sourcecode.swift; path = sssViewController.swift; sourceTree = "<group>"; };
		6379D81A1F95F43400C55ECC /* YVImagePickerController-Demo.app */ = {isa = PBXFileReference; explicitFileType = wrapper.application; includeInIndex = 0; path = "YVImagePickerController-Demo.app"; sourceTree = BUILT_PRODUCTS_DIR; };
		6379D81D1F95F43400C55ECC /* AppDelegate.swift */ = {isa = PBXFileReference; lastKnownFileType = sourcecode.swift; path = AppDelegate.swift; sourceTree = "<group>"; };
		6379D8221F95F43400C55ECC /* Base */ = {isa = PBXFileReference; lastKnownFileType = file.storyboard; name = Base; path = Base.lproj/Main.storyboard; sourceTree = "<group>"; };
		6379D8241F95F43400C55ECC /* Assets.xcassets */ = {isa = PBXFileReference; lastKnownFileType = folder.assetcatalog; path = Assets.xcassets; sourceTree = "<group>"; };
		6379D8271F95F43400C55ECC /* Base */ = {isa = PBXFileReference; lastKnownFileType = file.storyboard; name = Base; path = Base.lproj/LaunchScreen.storyboard; sourceTree = "<group>"; };
		6379D8291F95F43400C55ECC /* Info.plist */ = {isa = PBXFileReference; lastKnownFileType = text.plist.xml; path = Info.plist; sourceTree = "<group>"; };
		6379D8381F95F4C100C55ECC /* MultiSelectImageVC.swift */ = {isa = PBXFileReference; lastKnownFileType = sourcecode.swift; path = MultiSelectImageVC.swift; sourceTree = "<group>"; };
		6379D8391F95F4C100C55ECC /* SingleSelectionVideoVC.swift */ = {isa = PBXFileReference; lastKnownFileType = sourcecode.swift; path = SingleSelectionVideoVC.swift; sourceTree = "<group>"; };
		6379D83A1F95F4C100C55ECC /* ViewController.swift */ = {isa = PBXFileReference; lastKnownFileType = sourcecode.swift; path = ViewController.swift; sourceTree = "<group>"; };
		6379D83B1F95F4C200C55ECC /* MultiSelectImageToVideoVC.swift */ = {isa = PBXFileReference; lastKnownFileType = sourcecode.swift; path = MultiSelectImageToVideoVC.swift; sourceTree = "<group>"; };
		6379D83C1F95F4C200C55ECC /* SingleSelectionVC.swift */ = {isa = PBXFileReference; lastKnownFileType = sourcecode.swift; path = SingleSelectionVC.swift; sourceTree = "<group>"; };
		9BBDA5203FD366517AB075EE /* Pods_YVImagePickerController_Demo.framework */ = {isa = PBXFileReference; explicitFileType = wrapper.framework; includeInIndex = 0; path = Pods_YVImagePickerController_Demo.framework; sourceTree = BUILT_PRODUCTS_DIR; };
		D4503AD78777A6853061D4EB /* Pods-YVImagePickerController-Demo.debug.xcconfig */ = {isa = PBXFileReference; includeInIndex = 1; lastKnownFileType = text.xcconfig; name = "Pods-YVImagePickerController-Demo.debug.xcconfig"; path = "Pods/Target Support Files/Pods-YVImagePickerController-Demo/Pods-YVImagePickerController-Demo.debug.xcconfig"; sourceTree = "<group>"; };
/* End PBXFileReference section */

/* Begin PBXFrameworksBuildPhase section */
		6379D8171F95F43400C55ECC /* Frameworks */ = {
			isa = PBXFrameworksBuildPhase;
			buildActionMask = 2147483647;
			files = (
				CE66F412801DA6DD7F8694DB /* Pods_YVImagePickerController_Demo.framework in Frameworks */,
			);
			runOnlyForDeploymentPostprocessing = 0;
		};
/* End PBXFrameworksBuildPhase section */

/* Begin PBXGroup section */
		2AA98D35797240399FF9C012 /* Pods */ = {
			isa = PBXGroup;
			children = (
				D4503AD78777A6853061D4EB /* Pods-YVImagePickerController-Demo.debug.xcconfig */,
				01E9D687E565C5481D56311C /* Pods-YVImagePickerController-Demo.release.xcconfig */,
			);
			name = Pods;
			sourceTree = "<group>";
		};
		6379D8111F95F43400C55ECC = {
			isa = PBXGroup;
			children = (
				6379D81C1F95F43400C55ECC /* YVImagePickerController-Demo */,
				6379D81B1F95F43400C55ECC /* Products */,
				2AA98D35797240399FF9C012 /* Pods */,
				DC53CD5B2A825E3A40B0B797 /* Frameworks */,
			);
			sourceTree = "<group>";
		};
		6379D81B1F95F43400C55ECC /* Products */ = {
			isa = PBXGroup;
			children = (
				6379D81A1F95F43400C55ECC /* YVImagePickerController-Demo.app */,
			);
			name = Products;
			sourceTree = "<group>";
		};
		6379D81C1F95F43400C55ECC /* YVImagePickerController-Demo */ = {
			isa = PBXGroup;
			children = (
				6379D83B1F95F4C200C55ECC /* MultiSelectImageToVideoVC.swift */,
				6379D8381F95F4C100C55ECC /* MultiSelectImageVC.swift */,
				6379D83C1F95F4C200C55ECC /* SingleSelectionVC.swift */,
				6379D8391F95F4C100C55ECC /* SingleSelectionVideoVC.swift */,
				6379D83A1F95F4C100C55ECC /* ViewController.swift */,
				635C7B731F9DEA08005AC3DB /* sssViewController.swift */,
				6379D81D1F95F43400C55ECC /* AppDelegate.swift */,
				6379D8211F95F43400C55ECC /* Main.storyboard */,
				6379D8241F95F43400C55ECC /* Assets.xcassets */,
				6379D8261F95F43400C55ECC /* LaunchScreen.storyboard */,
				6379D8291F95F43400C55ECC /* Info.plist */,
			);
			path = "YVImagePickerController-Demo";
			sourceTree = "<group>";
		};
		DC53CD5B2A825E3A40B0B797 /* Frameworks */ = {
			isa = PBXGroup;
			children = (
				9BBDA5203FD366517AB075EE /* Pods_YVImagePickerController_Demo.framework */,
			);
			name = Frameworks;
			sourceTree = "<group>";
		};
/* End PBXGroup section */

/* Begin PBXNativeTarget section */
		6379D8191F95F43400C55ECC /* YVImagePickerController-Demo */ = {
			isa = PBXNativeTarget;
			buildConfigurationList = 6379D82C1F95F43400C55ECC /* Build configuration list for PBXNativeTarget "YVImagePickerController-Demo" */;
			buildPhases = (
				2532C34552148EF15F801EAF /* [CP] Check Pods Manifest.lock */,
				6379D8161F95F43400C55ECC /* Sources */,
				6379D8171F95F43400C55ECC /* Frameworks */,
				6379D8181F95F43400C55ECC /* Resources */,
				E2EBEAB4F6A4CBFBF5A5582E /* [CP] Embed Pods Frameworks */,
				F204EA96AA557CB942CFFDD0 /* [CP] Copy Pods Resources */,
			);
			buildRules = (
			);
			dependencies = (
			);
			name = "YVImagePickerController-Demo";
			productName = "YVImagePickerController-Demo";
			productReference = 6379D81A1F95F43400C55ECC /* YVImagePickerController-Demo.app */;
			productType = "com.apple.product-type.application";
		};
/* End PBXNativeTarget section */

/* Begin PBXProject section */
		6379D8121F95F43400C55ECC /* Project object */ = {
			isa = PBXProject;
			attributes = {
				LastSwiftUpdateCheck = 0900;
				LastUpgradeCheck = 0900;
				ORGANIZATIONNAME = Devil;
				TargetAttributes = {
					6379D8191F95F43400C55ECC = {
						CreatedOnToolsVersion = 9.0;
						ProvisioningStyle = Automatic;
					};
				};
			};
			buildConfigurationList = 6379D8151F95F43400C55ECC /* Build configuration list for PBXProject "YVImagePickerController-Demo" */;
			compatibilityVersion = "Xcode 8.0";
			developmentRegion = en;
			hasScannedForEncodings = 0;
			knownRegions = (
				en,
				Base,
			);
			mainGroup = 6379D8111F95F43400C55ECC;
			productRefGroup = 6379D81B1F95F43400C55ECC /* Products */;
			projectDirPath = "";
			projectRoot = "";
			targets = (
				6379D8191F95F43400C55ECC /* YVImagePickerController-Demo */,
			);
		};
/* End PBXProject section */

/* Begin PBXResourcesBuildPhase section */
		6379D8181F95F43400C55ECC /* Resources */ = {
			isa = PBXResourcesBuildPhase;
			buildActionMask = 2147483647;
			files = (
				6379D8281F95F43400C55ECC /* LaunchScreen.storyboard in Resources */,
				6379D8251F95F43400C55ECC /* Assets.xcassets in Resources */,
				6379D8231F95F43400C55ECC /* Main.storyboard in Resources */,
			);
			runOnlyForDeploymentPostprocessing = 0;
		};
/* End PBXResourcesBuildPhase section */

/* Begin PBXShellScriptBuildPhase section */
		2532C34552148EF15F801EAF /* [CP] Check Pods Manifest.lock */ = {
			isa = PBXShellScriptBuildPhase;
			buildActionMask = 2147483647;
			files = (
			);
			inputPaths = (
			);
			name = "[CP] Check Pods Manifest.lock";
			outputPaths = (
			);
			runOnlyForDeploymentPostprocessing = 0;
			shellPath = /bin/sh;
			shellScript = "diff \"${PODS_ROOT}/../Podfile.lock\" \"${PODS_ROOT}/Manifest.lock\" > /dev/null\nif [ $? != 0 ] ; then\n    # print error to STDERR\n    echo \"error: The sandbox is not in sync with the Podfile.lock. Run 'pod install' or update your CocoaPods installation.\" >&2\n    exit 1\nfi\n";
			showEnvVarsInLog = 0;
		};
		E2EBEAB4F6A4CBFBF5A5582E /* [CP] Embed Pods Frameworks */ = {
			isa = PBXShellScriptBuildPhase;
			buildActionMask = 2147483647;
			files = (
			);
			inputPaths = (
			);
			name = "[CP] Embed Pods Frameworks";
			outputPaths = (
			);
			runOnlyForDeploymentPostprocessing = 0;
			shellPath = /bin/sh;
			shellScript = "\"${SRCROOT}/Pods/Target Support Files/Pods-YVImagePickerController-Demo/Pods-YVImagePickerController-Demo-frameworks.sh\"\n";
			showEnvVarsInLog = 0;
		};
		F204EA96AA557CB942CFFDD0 /* [CP] Copy Pods Resources */ = {
			isa = PBXShellScriptBuildPhase;
			buildActionMask = 2147483647;
			files = (
			);
			inputPaths = (
			);
			name = "[CP] Copy Pods Resources";
			outputPaths = (
			);
			runOnlyForDeploymentPostprocessing = 0;
			shellPath = /bin/sh;
			shellScript = "\"${SRCROOT}/Pods/Target Support Files/Pods-YVImagePickerController-Demo/Pods-YVImagePickerController-Demo-resources.sh\"\n";
			showEnvVarsInLog = 0;
		};
/* End PBXShellScriptBuildPhase section */

/* Begin PBXSourcesBuildPhase section */
		6379D8161F95F43400C55ECC /* Sources */ = {
			isa = PBXSourcesBuildPhase;
			buildActionMask = 2147483647;
			files = (
				6379D83E1F95F4C200C55ECC /* SingleSelectionVideoVC.swift in Sources */,
				6379D8401F95F4C200C55ECC /* MultiSelectImageToVideoVC.swift in Sources */,
				6379D83D1F95F4C200C55ECC /* MultiSelectImageVC.swift in Sources */,
				635C7B741F9DEA08005AC3DB /* sssViewController.swift in Sources */,
				6379D8411F95F4C200C55ECC /* SingleSelectionVC.swift in Sources */,
				6379D83F1F95F4C200C55ECC /* ViewController.swift in Sources */,
				6379D81E1F95F43400C55ECC /* AppDelegate.swift in Sources */,
			);
			runOnlyForDeploymentPostprocessing = 0;
		};
/* End PBXSourcesBuildPhase section */

/* Begin PBXVariantGroup section */
		6379D8211F95F43400C55ECC /* Main.storyboard */ = {
			isa = PBXVariantGroup;
			children = (
				6379D8221F95F43400C55ECC /* Base */,
			);
			name = Main.storyboard;
			sourceTree = "<group>";
		};
		6379D8261F95F43400C55ECC /* LaunchScreen.storyboard */ = {
			isa = PBXVariantGroup;
			children = (
				6379D8271F95F43400C55ECC /* Base */,
			);
			name = LaunchScreen.storyboard;
			sourceTree = "<group>";
		};
/* End PBXVariantGroup section */

/* Begin XCBuildConfiguration section */
		6379D82A1F95F43400C55ECC /* Debug */ = {
			isa = XCBuildConfiguration;
			buildSettings = {
				ALWAYS_SEARCH_USER_PATHS = NO;
				CLANG_ANALYZER_NONNULL = YES;
				CLANG_ANALYZER_NUMBER_OBJECT_CONVERSION = YES_AGGRESSIVE;
				CLANG_CXX_LANGUAGE_STANDARD = "gnu++14";
				CLANG_CXX_LIBRARY = "libc++";
				CLANG_ENABLE_MODULES = YES;
				CLANG_ENABLE_OBJC_ARC = YES;
				CLANG_WARN_BLOCK_CAPTURE_AUTORELEASING = YES;
				CLANG_WARN_BOOL_CONVERSION = YES;
				CLANG_WARN_COMMA = YES;
				CLANG_WARN_CONSTANT_CONVERSION = YES;
				CLANG_WARN_DIRECT_OBJC_ISA_USAGE = YES_ERROR;
				CLANG_WARN_DOCUMENTATION_COMMENTS = YES;
				CLANG_WARN_EMPTY_BODY = YES;
				CLANG_WARN_ENUM_CONVERSION = YES;
				CLANG_WARN_INFINITE_RECURSION = YES;
				CLANG_WARN_INT_CONVERSION = YES;
				CLANG_WARN_NON_LITERAL_NULL_CONVERSION = YES;
				CLANG_WARN_OBJC_LITERAL_CONVERSION = YES;
				CLANG_WARN_OBJC_ROOT_CLASS = YES_ERROR;
				CLANG_WARN_RANGE_LOOP_ANALYSIS = YES;
				CLANG_WARN_STRICT_PROTOTYPES = YES;
				CLANG_WARN_SUSPICIOUS_MOVE = YES;
				CLANG_WARN_UNGUARDED_AVAILABILITY = YES_AGGRESSIVE;
				CLANG_WARN_UNREACHABLE_CODE = YES;
				CLANG_WARN__DUPLICATE_METHOD_MATCH = YES;
				CODE_SIGN_IDENTITY = "iPhone Developer";
				COPY_PHASE_STRIP = NO;
				DEBUG_INFORMATION_FORMAT = dwarf;
				ENABLE_STRICT_OBJC_MSGSEND = YES;
				ENABLE_TESTABILITY = YES;
				GCC_C_LANGUAGE_STANDARD = gnu11;
				GCC_DYNAMIC_NO_PIC = NO;
				GCC_NO_COMMON_BLOCKS = YES;
				GCC_OPTIMIZATION_LEVEL = 0;
				GCC_PREPROCESSOR_DEFINITIONS = (
					"DEBUG=1",
					"$(inherited)",
				);
				GCC_WARN_64_TO_32_BIT_CONVERSION = YES;
				GCC_WARN_ABOUT_RETURN_TYPE = YES_ERROR;
				GCC_WARN_UNDECLARED_SELECTOR = YES;
				GCC_WARN_UNINITIALIZED_AUTOS = YES_AGGRESSIVE;
				GCC_WARN_UNUSED_FUNCTION = YES;
				GCC_WARN_UNUSED_VARIABLE = YES;
				IPHONEOS_DEPLOYMENT_TARGET = 9.0;
				MTL_ENABLE_DEBUG_INFO = YES;
				ONLY_ACTIVE_ARCH = YES;
				SDKROOT = iphoneos;
				SWIFT_ACTIVE_COMPILATION_CONDITIONS = DEBUG;
				SWIFT_OPTIMIZATION_LEVEL = "-Onone";
				SWIFT_VERSION = 3.0;
			};
			name = Debug;
		};
		6379D82B1F95F43400C55ECC /* Release */ = {
			isa = XCBuildConfiguration;
			buildSettings = {
				ALWAYS_SEARCH_USER_PATHS = NO;
				CLANG_ANALYZER_NONNULL = YES;
				CLANG_ANALYZER_NUMBER_OBJECT_CONVERSION = YES_AGGRESSIVE;
				CLANG_CXX_LANGUAGE_STANDARD = "gnu++14";
				CLANG_CXX_LIBRARY = "libc++";
				CLANG_ENABLE_MODULES = YES;
				CLANG_ENABLE_OBJC_ARC = YES;
				CLANG_WARN_BLOCK_CAPTURE_AUTORELEASING = YES;
				CLANG_WARN_BOOL_CONVERSION = YES;
				CLANG_WARN_COMMA = YES;
				CLANG_WARN_CONSTANT_CONVERSION = YES;
				CLANG_WARN_DIRECT_OBJC_ISA_USAGE = YES_ERROR;
				CLANG_WARN_DOCUMENTATION_COMMENTS = YES;
				CLANG_WARN_EMPTY_BODY = YES;
				CLANG_WARN_ENUM_CONVERSION = YES;
				CLANG_WARN_INFINITE_RECURSION = YES;
				CLANG_WARN_INT_CONVERSION = YES;
				CLANG_WARN_NON_LITERAL_NULL_CONVERSION = YES;
				CLANG_WARN_OBJC_LITERAL_CONVERSION = YES;
				CLANG_WARN_OBJC_ROOT_CLASS = YES_ERROR;
				CLANG_WARN_RANGE_LOOP_ANALYSIS = YES;
				CLANG_WARN_STRICT_PROTOTYPES = YES;
				CLANG_WARN_SUSPICIOUS_MOVE = YES;
				CLANG_WARN_UNGUARDED_AVAILABILITY = YES_AGGRESSIVE;
				CLANG_WARN_UNREACHABLE_CODE = YES;
				CLANG_WARN__DUPLICATE_METHOD_MATCH = YES;
				CODE_SIGN_IDENTITY = "iPhone Developer";
				COPY_PHASE_STRIP = NO;
				DEBUG_INFORMATION_FORMAT = "dwarf-with-dsym";
				ENABLE_NS_ASSERTIONS = NO;
				ENABLE_STRICT_OBJC_MSGSEND = YES;
				GCC_C_LANGUAGE_STANDARD = gnu11;
				GCC_NO_COMMON_BLOCKS = YES;
				GCC_WARN_64_TO_32_BIT_CONVERSION = YES;
				GCC_WARN_ABOUT_RETURN_TYPE = YES_ERROR;
				GCC_WARN_UNDECLARED_SELECTOR = YES;
				GCC_WARN_UNINITIALIZED_AUTOS = YES_AGGRESSIVE;
				GCC_WARN_UNUSED_FUNCTION = YES;
				GCC_WARN_UNUSED_VARIABLE = YES;
				IPHONEOS_DEPLOYMENT_TARGET = 9.0;
				MTL_ENABLE_DEBUG_INFO = NO;
				SDKROOT = iphoneos;
				SWIFT_OPTIMIZATION_LEVEL = "-Owholemodule";
				SWIFT_VERSION = 3.0;
				VALIDATE_PRODUCT = YES;
			};
			name = Release;
		};
		6379D82D1F95F43400C55ECC /* Debug */ = {
			isa = XCBuildConfiguration;
			baseConfigurationReference = D4503AD78777A6853061D4EB /* Pods-YVImagePickerController-Demo.debug.xcconfig */;
			buildSettings = {
				ASSETCATALOG_COMPILER_APPICON_NAME = AppIcon;
				CODE_SIGN_STYLE = Automatic;
				DEVELOPMENT_TEAM = 6DVDU22WC2;
				INFOPLIST_FILE = "YVImagePickerController-Demo/Info.plist";
				IPHONEOS_DEPLOYMENT_TARGET = 9.0;
				LD_RUNPATH_SEARCH_PATHS = "$(inherited) @executable_path/Frameworks";
				PRODUCT_BUNDLE_IDENTIFIER = "ZYW.YVImagePickerController-Demo";
				PRODUCT_NAME = "$(TARGET_NAME)";
				SWIFT_VERSION = 3.0;
				TARGETED_DEVICE_FAMILY = "1,2";
			};
			name = Debug;
		};
		6379D82E1F95F43400C55ECC /* Release */ = {
			isa = XCBuildConfiguration;
			baseConfigurationReference = 01E9D687E565C5481D56311C /* Pods-YVImagePickerController-Demo.release.xcconfig */;
			buildSettings = {
				ASSETCATALOG_COMPILER_APPICON_NAME = AppIcon;
				CODE_SIGN_STYLE = Automatic;
				DEVELOPMENT_TEAM = 6DVDU22WC2;
				INFOPLIST_FILE = "YVImagePickerController-Demo/Info.plist";
				IPHONEOS_DEPLOYMENT_TARGET = 9.0;
				LD_RUNPATH_SEARCH_PATHS = "$(inherited) @executable_path/Frameworks";
				PRODUCT_BUNDLE_IDENTIFIER = "ZYW.YVImagePickerController-Demo";
				PRODUCT_NAME = "$(TARGET_NAME)";
				SWIFT_VERSION = 3.0;
				TARGETED_DEVICE_FAMILY = "1,2";
			};
			name = Release;
		};
/* End XCBuildConfiguration section */

/* Begin XCConfigurationList section */
		6379D8151F95F43400C55ECC /* Build configuration list for PBXProject "YVImagePickerController-Demo" */ = {
			isa = XCConfigurationList;
			buildConfigurations = (
				6379D82A1F95F43400C55ECC /* Debug */,
				6379D82B1F95F43400C55ECC /* Release */,
			);
			defaultConfigurationIsVisible = 0;
			defaultConfigurationName = Release;
		};
		6379D82C1F95F43400C55ECC /* Build configuration list for PBXNativeTarget "YVImagePickerController-Demo" */ = {
			isa = XCConfigurationList;
			buildConfigurations = (
				6379D82D1F95F43400C55ECC /* Debug */,
				6379D82E1F95F43400C55ECC /* Release */,
			);
			defaultConfigurationIsVisible = 0;
			defaultConfigurationName = Release;
		};
/* End XCConfigurationList section */
	};
	rootObject = 6379D8121F95F43400C55ECC /* Project object */;
}
